{
  "nodes": {
    "flake-utils": {
      "inputs": {
        "systems": "systems"
      },
      "locked": {
        "lastModified": 1710146030,
        "narHash": "sha256-SZ5L6eA7HJ/nmkzGG7/ISclqe6oZdOZTNoesiInkXPQ=",
        "owner": "numtide",
        "repo": "flake-utils",
        "rev": "b1d9ab70662946ef0850d488da1c9019f3a9752a",
        "type": "github"
      },
      "original": {
        "owner": "numtide",
        "repo": "flake-utils",
        "type": "github"
      }
    },
    "gradle2nix": {
      "inputs": {
        "flake-utils": "flake-utils",
        "nixpkgs": [
          "rp-utils",
          "nixpkgs"
        ]
      },
      "locked": {
        "lastModified": 1721151836,
        "narHash": "sha256-v6O9fE2GBoo/i4qrc5co7KckIv5TTamRXrdltjal1Yw=",
        "owner": "tadfisher",
        "repo": "gradle2nix",
        "rev": "b33693bc6b6ebd1c3633435d9d0833f665fb12d1",
        "type": "github"
      },
      "original": {
        "owner": "tadfisher",
        "ref": "v2",
        "repo": "gradle2nix",
        "type": "github"
      }
    },
    "homepage": {
      "inputs": {
        "nixpkgs": [
          "nixpkgs"
        ]
      },
      "locked": {
        "lastModified": 1730854382,
        "narHash": "sha256-gkXqWQM0c734ljoD8GFnlmyft+o65x1DCYjoeovQeGU=",
        "owner": "Mast3rwaf1z",
        "repo": "homepage",
        "rev": "ac95c8f26a4731f9baa9009851295197a9bd3454",
        "type": "github"
      },
      "original": {
        "owner": "Mast3rwaf1z",
        "repo": "homepage",
        "type": "github"
      }
    },
    "nix-system-graphics": {
      "inputs": {
        "nixpkgs": [
          "nixpkgs"
        ]
      },
      "locked": {
        "lastModified": 1729864290,
        "narHash": "sha256-BBMfemVn4J0HKZ5DFFJf7pfgc9AJijbA7rliSzWFb8s=",
        "owner": "soupglasses",
        "repo": "nix-system-graphics",
        "rev": "5a8d749e977090c7f8c5b920b13262174b2d7b55",
        "type": "github"
      },
      "original": {
        "owner": "soupglasses",
        "repo": "nix-system-graphics",
        "type": "github"
      }
    },
    "nix-velocity": {
      "inputs": {
        "nixpkgs": [
          "nixpkgs"
        ]
      },
      "locked": {
        "lastModified": 1724256677,
        "narHash": "sha256-o6FcURuaAd6R2tKWRLMxnYO/IJB2SZIa2Xuq0iIR4TI=",
        "owner": "Mast3rwaf1z",
        "repo": "nix-velocity",
        "rev": "7c533affa1f7600d88916ad2875e8e2032c3104c",
        "type": "github"
      },
      "original": {
        "owner": "Mast3rwaf1z",
        "repo": "nix-velocity",
        "type": "github"
      }
    },
    "nixpkgs": {
      "locked": {
        "lastModified": 1730741070,
        "narHash": "sha256-edm8WG19kWozJ/GqyYx2VjW99EdhjKwbY3ZwdlPAAlo=",
        "owner": "NixOS",
        "repo": "nixpkgs",
        "rev": "d063c1dd113c91ab27959ba540c0d9753409edf3",
        "type": "github"
      },
      "original": {
        "id": "nixpkgs",
        "ref": "nixos-24.05",
        "type": "indirect"
      }
    },
    "putricide": {
      "inputs": {
        "nixpkgs": [
          "nixpkgs"
        ]
      },
      "locked": {
        "lastModified": 1727954647,
        "narHash": "sha256-AYYxOWOzI5RsMX33FlyjDBX8yVktL9oW9lNBkQWWRTg=",
        "owner": "Skademaskinen",
        "repo": "Putricide",
        "rev": "79538027f5de8ca2bb3172034e1cedcb8237318a",
        "type": "github"
      },
      "original": {
        "owner": "Skademaskinen",
        "repo": "Putricide",
        "type": "github"
      }
    },
    "root": {
      "inputs": {
        "homepage": "homepage",
        "nix-system-graphics": "nix-system-graphics",
        "nix-velocity": "nix-velocity",
        "nixpkgs": "nixpkgs",
        "putricide": "putricide",
        "rp-utils": "rp-utils",
        "system-manager": "system-manager"
      }
    },
    "rp-utils": {
      "inputs": {
        "gradle2nix": "gradle2nix",
        "nixpkgs": [
          "nixpkgs"
        ]
      },
      "locked": {
        "lastModified": 1728048432,
        "narHash": "sha256-HsXps1ofu+4SWDq9Bq+Ha5EX3RClYAmlyDVVEmJPr/Q=",
        "owner": "Skademaskinen",
        "repo": "RP-Utils",
        "rev": "935d84bced577f6ce960e60be9c608f7ce70d304",
        "type": "github"
      },
      "original": {
        "owner": "Skademaskinen",
        "repo": "RP-Utils",
        "type": "github"
      }
    },
    "system-manager": {
      "inputs": {
        "nixpkgs": [
          "nixpkgs"
        ]
      },
      "locked": {
        "lastModified": 1730795217,
        "narHash": "sha256-OR/Eq6HyQRwGt7CYSg/WTlx5QyiaWgBIIF5wajWBT2A=",
        "owner": "numtide",
        "repo": "system-manager",
        "rev": "91ba1bdaf3914ff943f3278d9d3d50295d2f7349",
        "type": "github"
      },
      "original": {
        "owner": "numtide",
        "repo": "system-manager",
        "type": "github"
      }
    },
    "systems": {
      "locked": {
        "lastModified": 1681028828,
        "narHash": "sha256-Vy1rq5AaRuLzOxct8nz4T6wlgyUR7zLU309k9mBC768=",
        "owner": "nix-systems",
        "repo": "default",
        "rev": "da67096a3b9bf56a91d16901293e51ba5b49a27e",
        "type": "github"
      },
      "original": {
        "owner": "nix-systems",
        "repo": "default",
        "type": "github"
      }
    }
  },
  "root": "root",
  "version": 7
}
